// !$*UTF8*$!
{
	archiveVersion = 1;
	classes = {
	};
	objectVersion = 50;
	objects = {

/* Begin PBXBuildFile section */
		49DD50A7210BDABB00BDB93D /* AppDelegate.swift in Sources */ = {isa = PBXBuildFile; fileRef = 49DD50A6210BDABB00BDB93D /* AppDelegate.swift */; };
		49DD50A9210BDABB00BDB93D /* ViewController.swift in Sources */ = {isa = PBXBuildFile; fileRef = 49DD50A8210BDABB00BDB93D /* ViewController.swift */; };
		49DD50AC210BDABB00BDB93D /* Main.storyboard in Resources */ = {isa = PBXBuildFile; fileRef = 49DD50AA210BDABB00BDB93D /* Main.storyboard */; };
		49DD50AF210BDABB00BDB93D /* Travelogue.xcdatamodeld in Sources */ = {isa = PBXBuildFile; fileRef = 49DD50AD210BDABB00BDB93D /* Travelogue.xcdatamodeld */; };
		49DD50B1210BDABE00BDB93D /* Assets.xcassets in Resources */ = {isa = PBXBuildFile; fileRef = 49DD50B0210BDABE00BDB93D /* Assets.xcassets */; };
		49DD50B4210BDABE00BDB93D /* LaunchScreen.storyboard in Resources */ = {isa = PBXBuildFile; fileRef = 49DD50B2210BDABE00BDB93D /* LaunchScreen.storyboard */; };
/* End PBXBuildFile section */

/* Begin PBXFileReference section */
		49DD50A3210BDABB00BDB93D /* Travelogue.app */ = {isa = PBXFileReference; explicitFileType = wrapper.application; includeInIndex = 0; path = Travelogue.app; sourceTree = BUILT_PRODUCTS_DIR; };
		49DD50A6210BDABB00BDB93D /* AppDelegate.swift */ = {isa = PBXFileReference; lastKnownFileType = sourcecode.swift; path = AppDelegate.swift; sourceTree = "<group>"; };
		49DD50A8210BDABB00BDB93D /* ViewController.swift */ = {isa = PBXFileReference; lastKnownFileType = sourcecode.swift; path = ViewController.swift; sourceTree = "<group>"; };
		49DD50AB210BDABB00BDB93D /* Base */ = {isa = PBXFileReference; lastKnownFileType = file.storyboard; name = Base; path = Base.lproj/Main.storyboard; sourceTree = "<group>"; };
		49DD50AE210BDABB00BDB93D /* Travelogue.xcdatamodel */ = {isa = PBXFileReference; lastKnownFileType = wrapper.xcdatamodel; path = Travelogue.xcdatamodel; sourceTree = "<group>"; };
		49DD50B0210BDABE00BDB93D /* Assets.xcassets */ = {isa = PBXFileReference; lastKnownFileType = folder.assetcatalog; path = Assets.xcassets; sourceTree = "<group>"; };
		49DD50B3210BDABE00BDB93D /* Base */ = {isa = PBXFileReference; lastKnownFileType = file.storyboard; name = Base; path = Base.lproj/LaunchScreen.storyboard; sourceTree = "<group>"; };
		49DD50B5210BDABE00BDB93D /* Info.plist */ = {isa = PBXFileReference; lastKnownFileType = text.plist.xml; path = Info.plist; sourceTree = "<group>"; };
/* End PBXFileReference section */

/* Begin PBXFrameworksBuildPhase section */
		49DD50A0210BDABB00BDB93D /* Frameworks */ = {
			isa = PBXFrameworksBuildPhase;
			buildActionMask = 2147483647;
			files = (
			);
			runOnlyForDeploymentPostprocessing = 0;
		};
/* End PBXFrameworksBuildPhase section */

/* Begin PBXGroup section */
		49DD509A210BDABB00BDB93D = {
			isa = PBXGroup;
			children = (
				49DD50A5210BDABB00BDB93D /* Travelogue */,
				49DD50A4210BDABB00BDB93D /* Products */,
			);
			sourceTree = "<group>";
		};
		49DD50A4210BDABB00BDB93D /* Products */ = {
			isa = PBXGroup;
			children = (
				49DD50A3210BDABB00BDB93D /* Travelogue.app */,
			);
			name = Products;
			sourceTree = "<group>";
		};
		49DD50A5210BDABB00BDB93D /* Travelogue */ = {
			isa = PBXGroup;
			children = (
				49DD50A6210BDABB00BDB93D /* AppDelegate.swift */,
				49DD50A8210BDABB00BDB93D /* ViewController.swift */,
				49DD50AA210BDABB00BDB93D /* Main.storyboard */,
				49DD50B0210BDABE00BDB93D /* Assets.xcassets */,
				49DD50B2210BDABE00BDB93D /* LaunchScreen.storyboard */,
				49DD50B5210BDABE00BDB93D /* Info.plist */,
				49DD50AD210BDABB00BDB93D /* Travelogue.xcdatamodeld */,
			);
			path = Travelogue;
			sourceTree = "<group>";
		};
/* End PBXGroup section */

/* Begin PBXNativeTarget section */
		49DD50A2210BDABB00BDB93D /* Travelogue */ = {
			isa = PBXNativeTarget;
			buildConfigurationList = 49DD50B8210BDABE00BDB93D /* Build configuration list for PBXNativeTarget "Travelogue" */;
			buildPhases = (
				49DD509F210BDABB00BDB93D /* Sources */,
				49DD50A0210BDABB00BDB93D /* Frameworks */,
				49DD50A1210BDABB00BDB93D /* Resources */,
			);
			buildRules = (
			);
			dependencies = (
			);
			name = Travelogue;
			productName = Travelogue;
			productReference = 49DD50A3210BDABB00BDB93D /* Travelogue.app */;
			productType = "com.apple.product-type.application";
		};
/* End PBXNativeTarget section */

/* Begin PBXProject section */
		49DD509B210BDABB00BDB93D /* Project object */ = {
			isa = PBXProject;
			attributes = {
				LastSwiftUpdateCheck = 0940;
				LastUpgradeCheck = 0940;
				ORGANIZATIONNAME = "Nathaniel Banderas";
				TargetAttributes = {
					49DD50A2210BDABB00BDB93D = {
						CreatedOnToolsVersion = 9.4.1;
					};
				};
			};
			buildConfigurationList = 49DD509E210BDABB00BDB93D /* Build configuration list for PBXProject "Travelogue" */;
			compatibilityVersion = "Xcode 9.3";
			developmentRegion = en;
			hasScannedForEncodings = 0;
			knownRegions = (
				en,
				Base,
			);
			mainGroup = 49DD509A210BDABB00BDB93D;
			productRefGroup = 49DD50A4210BDABB00BDB93D /* Products */;
			projectDirPath = "";
			projectRoot = "";
			targets = (
				49DD50A2210BDABB00BDB93D /* Travelogue */,
			);
		};
/* End PBXProject section */

/* Begin PBXResourcesBuildPhase section */
		49DD50A1210BDABB00BDB93D /* Resources */ = {
			isa = PBXResourcesBuildPhase;
			buildActionMask = 2147483647;
			files = (
				49DD50B4210BDABE00BDB93D /* LaunchScreen.storyboard in Resources */,
				49DD50B1210BDABE00BDB93D /* Assets.xcassets in Resources */,
				49DD50AC210BDABB00BDB93D /* Main.storyboard in Resources */,
			);
			runOnlyForDeploymentPostprocessing = 0;
		};
/* End PBXResourcesBuildPhase section */

/* Begin PBXSourcesBuildPhase section */
		49DD509F210BDABB00BDB93D /* Sources */ = {
			isa = PBXSourcesBuildPhase;
			buildActionMask = 2147483647;
			files = (
				49DD50A9210BDABB00BDB93D /* ViewController.swift in Sources */,
				49DD50A7210BDABB00BDB93D /* AppDelegate.swift in Sources */,
				49DD50AF210BDABB00BDB93D /* Travelogue.xcdatamodeld in Sources */,
			);
			runOnlyForDeploymentPostprocessing = 0;
		};
/* End PBXSourcesBuildPhase section */

/* Begin PBXVariantGroup section */
		49DD50AA210BDABB00BDB93D /* Main.storyboard */ = {
			isa = PBXVariantGroup;
			children = (
				49DD50AB210BDABB00BDB93D /* Base */,
			);
			name = Main.storyboard;
			sourceTree = "<group>";
		};
		49DD50B2210BDABE00BDB93D /* LaunchScreen.storyboard */ = {
			isa = PBXVariantGroup;
			children = (
				49DD50B3210BDABE00BDB93D /* Base */,
			);
			name = LaunchScreen.storyboard;
			sourceTree = "<group>";
		};
/* End PBXVariantGroup section */

/* Begin XCBuildConfiguration section */
		49DD50B6210BDABE00BDB93D /* Debug */ = {
			isa = XCBuildConfiguration;
			buildSettings = {
				ALWAYS_SEARCH_USER_PATHS = NO;
				CLANG_ANALYZER_NONNULL = YES;
				CLANG_ANALYZER_NUMBER_OBJECT_CONVERSION = YES_AGGRESSIVE;
				CLANG_CXX_LANGUAGE_STANDARD = "gnu++14";
				CLANG_CXX_LIBRARY = "libc++";
				CLANG_ENABLE_MODULES = YES;
				CLANG_ENABLE_OBJC_ARC = YES;
				CLANG_ENABLE_OBJC_WEAK = YES;
				CLANG_WARN_BLOCK_CAPTURE_AUTORELEASING = YES;
				CLANG_WARN_BOOL_CONVERSION = YES;
				CLANG_WARN_COMMA = YES;
				CLANG_WARN_CONSTANT_CONVERSION = YES;
				CLANG_WARN_DEPRECATED_OBJC_IMPLEMENTATIONS = YES;
				CLANG_WARN_DIRECT_OBJC_ISA_USAGE = YES_ERROR;
				CLANG_WARN_DOCUMENTATION_COMMENTS = YES;
				CLANG_WARN_EMPTY_BODY = YES;
				CLANG_WARN_ENUM_CONVERSION = YES;
				CLANG_WARN_INFINITE_RECURSION = YES;
				CLANG_WARN_INT_CONVERSION = YES;
				CLANG_WARN_NON_LITERAL_NULL_CONVERSION = YES;
				CLANG_WARN_OBJC_IMPLICIT_RETAIN_SELF = YES;
				CLANG_WARN_OBJC_LITERAL_CONVERSION = YES;
				CLANG_WARN_OBJC_ROOT_CLASS = YES_ERROR;
				CLANG_WARN_RANGE_LOOP_ANALYSIS = YES;
				CLANG_WARN_STRICT_PROTOTYPES = YES;
				CLANG_WARN_SUSPICIOUS_MOVE = YES;
				CLANG_WARN_UNGUARDED_AVAILABILITY = YES_AGGRESSIVE;
				CLANG_WARN_UNREACHABLE_CODE = YES;
				CLANG_WARN__DUPLICATE_METHOD_MATCH = YES;
				CODE_SIGN_IDENTITY = "iPhone Developer";
				COPY_PHASE_STRIP = NO;
				DEBUG_INFORMATION_FORMAT = dwarf;
				ENABLE_STRICT_OBJC_MSGSEND = YES;
				ENABLE_TESTABILITY = YES;
				GCC_C_LANGUAGE_STANDARD = gnu11;
				GCC_DYNAMIC_NO_PIC = NO;
				GCC_NO_COMMON_BLOCKS = YES;
				GCC_OPTIMIZATION_LEVEL = 0;
				GCC_PREPROCESSOR_DEFINITIONS = (
					"DEBUG=1",
					"$(inherited)",
				);
				GCC_WARN_64_TO_32_BIT_CONVERSION = YES;
				GCC_WARN_ABOUT_RETURN_TYPE = YES_ERROR;
				GCC_WARN_UNDECLARED_SELECTOR = YES;
				GCC_WARN_UNINITIALIZED_AUTOS = YES_AGGRESSIVE;
				GCC_WARN_UNUSED_FUNCTION = YES;
				GCC_WARN_UNUSED_VARIABLE = YES;
				IPHONEOS_DEPLOYMENT_TARGET = 11.4;
				MTL_ENABLE_DEBUG_INFO = YES;
				ONLY_ACTIVE_ARCH = YES;
				SDKROOT = iphoneos;
				SWIFT_ACTIVE_COMPILATION_CONDITIONS = DEBUG;
				SWIFT_OPTIMIZATION_LEVEL = "-Onone";
			};
			name = Debug;
		};
		49DD50B7210BDABE00BDB93D /* Release */ = {
			isa = XCBuildConfiguration;
			buildSettings = {
				ALWAYS_SEARCH_USER_PATHS = NO;
				CLANG_ANALYZER_NONNULL = YES;
				CLANG_ANALYZER_NUMBER_OBJECT_CONVERSION = YES_AGGRESSIVE;
				CLANG_CXX_LANGUAGE_STANDARD = "gnu++14";
				CLANG_CXX_LIBRARY = "libc++";
				CLANG_ENABLE_MODULES = YES;
				CLANG_ENABLE_OBJC_ARC = YES;
				CLANG_ENABLE_OBJC_WEAK = YES;
				CLANG_WARN_BLOCK_CAPTURE_AUTORELEASING = YES;
				CLANG_WARN_BOOL_CONVERSION = YES;
				CLANG_WARN_COMMA = YES;
				CLANG_WARN_CONSTANT_CONVERSION = YES;
				CLANG_WARN_DEPRECATED_OBJC_IMPLEMENTATIONS = YES;
				CLANG_WARN_DIRECT_OBJC_ISA_USAGE = YES_ERROR;
				CLANG_WARN_DOCUMENTATION_COMMENTS = YES;
				CLANG_WARN_EMPTY_BODY = YES;
				CLANG_WARN_ENUM_CONVERSION = YES;
				CLANG_WARN_INFINITE_RECURSION = YES;
				CLANG_WARN_INT_CONVERSION = YES;
				CLANG_WARN_NON_LITERAL_NULL_CONVERSION = YES;
				CLANG_WARN_OBJC_IMPLICIT_RETAIN_SELF = YES;
				CLANG_WARN_OBJC_LITERAL_CONVERSION = YES;
				CLANG_WARN_OBJC_ROOT_CLASS = YES_ERROR;
				CLANG_WARN_RANGE_LOOP_ANALYSIS = YES;
				CLANG_WARN_STRICT_PROTOTYPES = YES;
				CLANG_WARN_SUSPICIOUS_MOVE = YES;
				CLANG_WARN_UNGUARDED_AVAILABILITY = YES_AGGRESSIVE;
				CLANG_WARN_UNREACHABLE_CODE = YES;
				CLANG_WARN__DUPLICATE_METHOD_MATCH = YES;
				CODE_SIGN_IDENTITY = "iPhone Developer";
				COPY_PHASE_STRIP = NO;
				DEBUG_INFORMATION_FORMAT = "dwarf-with-dsym";
				ENABLE_NS_ASSERTIONS = NO;
				ENABLE_STRICT_OBJC_MSGSEND = YES;
				GCC_C_LANGUAGE_STANDARD = gnu11;
				GCC_NO_COMMON_BLOCKS = YES;
				GCC_WARN_64_TO_32_BIT_CONVERSION = YES;
				GCC_WARN_ABOUT_RETURN_TYPE = YES_ERROR;
				GCC_WARN_UNDECLARED_SELECTOR = YES;
				GCC_WARN_UNINITIALIZED_AUTOS = YES_AGGRESSIVE;
				GCC_WARN_UNUSED_FUNCTION = YES;
				GCC_WARN_UNUSED_VARIABLE = YES;
				IPHONEOS_DEPLOYMENT_TARGET = 11.4;
				MTL_ENABLE_DEBUG_INFO = NO;
				SDKROOT = iphoneos;
				SWIFT_COMPILATION_MODE = wholemodule;
				SWIFT_OPTIMIZATION_LEVEL = "-O";
				VALIDATE_PRODUCT = YES;
			};
			name = Release;
		};
		49DD50B9210BDABE00BDB93D /* Debug */ = {
			isa = XCBuildConfiguration;
			buildSettings = {
				ASSETCATALOG_COMPILER_APPICON_NAME = AppIcon;
				CODE_SIGN_STYLE = Automatic;
				DEVELOPMENT_TEAM = ETEA35Y5X8;
				INFOPLIST_FILE = Travelogue/Info.plist;
				LD_RUNPATH_SEARCH_PATHS = (
					"$(inherited)",
					"@executable_path/Frameworks",
				);
				PRODUCT_BUNDLE_IDENTIFIER = banderasNathaniel.Travelogue;
				PRODUCT_NAME = "$(TARGET_NAME)";
				SWIFT_VERSION = 4.0;
				TARGETED_DEVICE_FAMILY = "1,2";
			};
			name = Debug;
		};
		49DD50BA210BDABE00BDB93D /* Release */ = {
			isa = XCBuildConfiguration;
			buildSettings = {
				ASSETCATALOG_COMPILER_APPICON_NAME = AppIcon;
				CODE_SIGN_STYLE = Automatic;
				DEVELOPMENT_TEAM = ETEA35Y5X8;
				INFOPLIST_FILE = Travelogue/Info.plist;
				LD_RUNPATH_SEARCH_PATHS = (
					"$(inherited)",
					"@executable_path/Frameworks",
				);
				PRODUCT_BUNDLE_IDENTIFIER = banderasNathaniel.Travelogue;
				PRODUCT_NAME = "$(TARGET_NAME)";
				SWIFT_VERSION = 4.0;
				TARGETED_DEVICE_FAMILY = "1,2";
			};
			name = Release;
		};
/* End XCBuildConfiguration section */

/* Begin XCConfigurationList section */
		49DD509E210BDABB00BDB93D /* Build configuration list for PBXProject "Travelogue" */ = {
			isa = XCConfigurationList;
			buildConfigurations = (
				49DD50B6210BDABE00BDB93D /* Debug */,
				49DD50B7210BDABE00BDB93D /* Release */,
			);
			defaultConfigurationIsVisible = 0;
			defaultConfigurationName = Release;
		};
		49DD50B8210BDABE00BDB93D /* Build configuration list for PBXNativeTarget "Travelogue" */ = {
			isa = XCConfigurationList;
			buildConfigurations = (
				49DD50B9210BDABE00BDB93D /* Debug */,
				49DD50BA210BDABE00BDB93D /* Release */,
			);
			defaultConfigurationIsVisible = 0;
			defaultConfigurationName = Release;
		};
/* End XCConfigurationList section */

/* Begin XCVersionGroup section */
		49DD50AD210BDABB00BDB93D /* Travelogue.xcdatamodeld */ = {
			isa = XCVersionGroup;
			children = (
				49DD50AE210BDABB00BDB93D /* Travelogue.xcdatamodel */,
			);
			currentVersion = 49DD50AE210BDABB00BDB93D /* Travelogue.xcdatamodel */;
			path = Travelogue.xcdatamodeld;
			sourceTree = "<group>";
			versionGroupType = wrapper.xcdatamodel;
		};
/* End XCVersionGroup section */
	};
	rootObject = 49DD509B210BDABB00BDB93D /* Project object */;
}
